github.com/alexliesenfeld/go-swagger-ui v0.0.0-20240221180422-6205256ce1fd h1:fdIBrD3vtR/nOyp0M6N91zvCAGb5Q2BUky/l/hepSkQ=
github.com/alexliesenfeld/go-swagger-ui v0.0.0-20240221180422-6205256ce1fd/go.mod h1:S+Lhytzeo1EuuGdnpoTDEk9ew5oxAS81WQZqdLvvL4s=
github.com/alexliesenfeld/go-swagger-ui v0.0.0-20240221223841-468b0e31a572 h1:nWcHwxAcL4kuVRBQSYbLO4odq7gLMyaoWPE53e/ChUk=
github.com/alexliesenfeld/go-swagger-ui v0.0.0-20240221223841-468b0e31a572/go.mod h1:+nsbweNGsafH59TLlilcHtJmSTilIrU0QH+NAAUWrWs=
github.com/alexliesenfeld/go-swagger-ui v0.0.1-beta.1 h1:dyc/D5yygNHldSSfkCTKK/xqMRUkmT+XsM1xBEiL23A=
github.com/alexliesenfeld/go-swagger-ui v0.0.1-beta.1/go.mod h1:+nsbweNGsafH59TLlilcHtJmSTilIrU0QH+NAAUWrWs=
github.com/fsnotify/fsnotify v1.7.0 h1:8JEhPFa5W2WU7YfeZzPNqzMP6Lwt7L2715Ggo0nosvA=
github.com/fsnotify/fsnotify v1.7.0/go.mod h1:40Bi/Hjc2AVfZrqy+aj+yEI+/bRxZnMJyTJwOpGvigM=
golang.org/x/sys v0.4.0 h1:Zr2JFtRQNX3BCZ8YtxRE9hNJYC8J6I1MVbMg6owUp18=
golang.org/x/sys v0.4.0/go.mod h1:oPkhp1MJrh7nUepCBck5+mAzfO9JrbApNNgaTdGDITg=
